{
    "name": "nodejs",
    "version": "1.0.0",
    "lockfileVersion": 1,
    "requires": true,
    "dependencies": {
        "@charleywx/datebtutil": {
            "version": "1.0.1",
            "resolved": "https://registry.npmjs.org/@charleywx/datebtutil/-/datebtutil-1.0.1.tgz",
            "integrity": "sha512-a0G8uOLb5+5T19T9hNzUyz3op/aYU7aKLrVkz/t6FtzdOEyoLg987LVGg/KdhzF0u7AbrtopZy/oih92hDBv7w=="
        }
    }
}
